
Microsoft Visual Studio Solution File, Format Version 12.00
# Visual Studio Version 17
VisualStudioVersion = 17.0.31903.59
MinimumVisualStudioVersion = 10.0.40219.1
Project("{2150E333-8FDC-42A3-9474-1A3956D46DE8}") = "src", "src", "{54FA22E9-A94E-4DB5-9C1C-9815841A4087}"
EndProject
Project("{FAE04EC0-301F-11D3-BF4B-00C04F79EFBC}") = "KPS.PetroUI.App", "src\KPS.PetroUI.App\KPS.PetroUI.App.csproj", "{99706F9F-2768-4F4A-9465-E7D1F7D13A63}"
EndProject
Project("{FAE04EC0-301F-11D3-BF4B-00C04F79EFBC}") = "KPS.PetroUI.Shell", "src\KPS.PetroUI.Shell\KPS.PetroUI.Shell.csproj", "{A67D98CD-75F3-4398-831B-2C74DF42F238}"
EndProject
Project("{FAE04EC0-301F-11D3-BF4B-00C04F79EFBC}") = "KPS.PetroUI.Core", "src\KPS.PetroUI.Core\KPS.PetroUI.Core.csproj", "{2740B2B5-C5C3-4051-AA32-0DB92F045D4C}"
EndProject
Project("{FAE04EC0-301F-11D3-BF4B-00C04F79EFBC}") = "KPS.PetroUI.Infrastructure", "src\KPS.PetroUI.Infrastructure\KPS.PetroUI.Infrastructure.csproj", "{4BF541D9-CBE2-478B-B2AF-EDF40950BDAC}"
EndProject
Project("{FAE04EC0-301F-11D3-BF4B-00C04F79EFBC}") = "KPS.PetroUI.DAL", "src\KPS.PetroUI.DAL\KPS.PetroUI.DAL.csproj", "{EE7ACFA1-7C01-4077-BC7D-6A23C51BBCF1}"
EndProject
Project("{FAE04EC0-301F-11D3-BF4B-00C04F79EFBC}") = "KPS.PetroUI.Modules.Jobs", "src\KPS.PetroUI.Modules.Jobs\KPS.PetroUI.Modules.Jobs.csproj", "{8059C8A6-6263-4A0E-B611-011C8E3FAA45}"
EndProject
Project("{FAE04EC0-301F-11D3-BF4B-00C04F79EFBC}") = "KPS.PetroUI.Modules.Reports", "src\KPS.PetroUI.Modules.Reports\KPS.PetroUI.Modules.Reports.csproj", "{6A0BB6A3-6887-4F80-8EC1-55D6F238728C}"
EndProject
Project("{FAE04EC0-301F-11D3-BF4B-00C04F79EFBC}") = "KPS.PetroUI.Modules.Settings", "src\KPS.PetroUI.Modules.Settings\KPS.PetroUI.Modules.Settings.csproj", "{FF9158CD-06F7-4AB4-B6D6-B92CD57D9C73}"
EndProject
Project("{FAE04EC0-301F-11D3-BF4B-00C04F79EFBC}") = "KPS.PetroUI.Updater", "src\KPS.PetroUI.Updater\KPS.PetroUI.Updater.csproj", "{F93F1BE0-DA72-48F3-B30F-FE5CEE6C1CB1}"
EndProject
Project("{2150E333-8FDC-42A3-9474-1A3956D46DE8}") = "tests", "tests", "{B808A0C9-F8FB-4B3D-B3E1-A0FFF7FD0E8F}"
EndProject
Project("{FAE04EC0-301F-11D3-BF4B-00C04F79EFBC}") = "KPS.PetroUI.Core.Tests", "tests\KPS.PetroUI.Core.Tests\KPS.PetroUI.Core.Tests.csproj", "{9ACA816D-D8C2-443B-874E-A9F7AAE6822C}"
EndProject
Project("{FAE04EC0-301F-11D3-BF4B-00C04F79EFBC}") = "KPS.PetroUI.DAL.Tests", "tests\KPS.PetroUI.DAL.Tests\KPS.PetroUI.DAL.Tests.csproj", "{9CD5B981-5709-453C-86A5-8194543E25F8}"
EndProject
Project("{FAE04EC0-301F-11D3-BF4B-00C04F79EFBC}") = "KPS.PetroUI.Infrastructure.Tests", "tests\KPS.PetroUI.Infrastructure.Tests\KPS.PetroUI.Infrastructure.Tests.csproj", "{757B7A3B-3611-44A1-8C42-6E3E11DB516A}"
EndProject
Global
	GlobalSection(SolutionConfigurationPlatforms) = preSolution
		Debug|Any CPU = Debug|Any CPU
		Release|Any CPU = Release|Any CPU
	EndGlobalSection
	GlobalSection(SolutionProperties) = preSolution
		HideSolutionNode = FALSE
	EndGlobalSection
	GlobalSection(ProjectConfigurationPlatforms) = postSolution
		{99706F9F-2768-4F4A-9465-E7D1F7D13A63}.Debug|Any CPU.ActiveCfg = Debug|Any CPU
		{99706F9F-2768-4F4A-9465-E7D1F7D13A63}.Debug|Any CPU.Build.0 = Debug|Any CPU
		{99706F9F-2768-4F4A-9465-E7D1F7D13A63}.Release|Any CPU.ActiveCfg = Release|Any CPU
		{99706F9F-2768-4F4A-9465-E7D1F7D13A63}.Release|Any CPU.Build.0 = Release|Any CPU
		{A67D98CD-75F3-4398-831B-2C74DF42F238}.Debug|Any CPU.ActiveCfg = Debug|Any CPU
		{A67D98CD-75F3-4398-831B-2C74DF42F238}.Debug|Any CPU.Build.0 = Debug|Any CPU
		{A67D98CD-75F3-4398-831B-2C74DF42F238}.Release|Any CPU.ActiveCfg = Release|Any CPU
		{A67D98CD-75F3-4398-831B-2C74DF42F238}.Release|Any CPU.Build.0 = Release|Any CPU
		{2740B2B5-C5C3-4051-AA32-0DB92F045D4C}.Debug|Any CPU.ActiveCfg = Debug|Any CPU
		{2740B2B5-C5C3-4051-AA32-0DB92F045D4C}.Debug|Any CPU.Build.0 = Debug|Any CPU
		{2740B2B5-C5C3-4051-AA32-0DB92F045D4C}.Release|Any CPU.ActiveCfg = Release|Any CPU
		{2740B2B5-C5C3-4051-AA32-0DB92F045D4C}.Release|Any CPU.Build.0 = Release|Any CPU
		{4BF541D9-CBE2-478B-B2AF-EDF40950BDAC}.Debug|Any CPU.ActiveCfg = Debug|Any CPU
		{4BF541D9-CBE2-478B-B2AF-EDF40950BDAC}.Debug|Any CPU.Build.0 = Debug|Any CPU
		{4BF541D9-CBE2-478B-B2AF-EDF40950BDAC}.Release|Any CPU.ActiveCfg = Release|Any CPU
		{4BF541D9-CBE2-478B-B2AF-EDF40950BDAC}.Release|Any CPU.Build.0 = Release|Any CPU
		{EE7ACFA1-7C01-4077-BC7D-6A23C51BBCF1}.Debug|Any CPU.ActiveCfg = Debug|Any CPU
		{EE7ACFA1-7C01-4077-BC7D-6A23C51BBCF1}.Debug|Any CPU.Build.0 = Debug|Any CPU
		{EE7ACFA1-7C01-4077-BC7D-6A23C51BBCF1}.Release|Any CPU.ActiveCfg = Release|Any CPU
		{EE7ACFA1-7C01-4077-BC7D-6A23C51BBCF1}.Release|Any CPU.Build.0 = Release|Any CPU
		{8059C8A6-6263-4A0E-B611-011C8E3FAA45}.Debug|Any CPU.ActiveCfg = Debug|Any CPU
		{8059C8A6-6263-4A0E-B611-011C8E3FAA45}.Debug|Any CPU.Build.0 = Debug|Any CPU
		{8059C8A6-6263-4A0E-B611-011C8E3FAA45}.Release|Any CPU.ActiveCfg = Release|Any CPU
		{8059C8A6-6263-4A0E-B611-011C8E3FAA45}.Release|Any CPU.Build.0 = Release|Any CPU
		{6A0BB6A3-6887-4F80-8EC1-55D6F238728C}.Debug|Any CPU.ActiveCfg = Debug|Any CPU
		{6A0BB6A3-6887-4F80-8EC1-55D6F238728C}.Debug|Any CPU.Build.0 = Debug|Any CPU
		{6A0BB6A3-6887-4F80-8EC1-55D6F238728C}.Release|Any CPU.ActiveCfg = Release|Any CPU
		{6A0BB6A3-6887-4F80-8EC1-55D6F238728C}.Release|Any CPU.Build.0 = Release|Any CPU
		{FF9158CD-06F7-4AB4-B6D6-B92CD57D9C73}.Debug|Any CPU.ActiveCfg = Debug|Any CPU
		{FF9158CD-06F7-4AB4-B6D6-B92CD57D9C73}.Debug|Any CPU.Build.0 = Debug|Any CPU
		{FF9158CD-06F7-4AB4-B6D6-B92CD57D9C73}.Release|Any CPU.ActiveCfg = Release|Any CPU
		{FF9158CD-06F7-4AB4-B6D6-B92CD57D9C73}.Release|Any CPU.Build.0 = Release|Any CPU
		{F93F1BE0-DA72-48F3-B30F-FE5CEE6C1CB1}.Debug|Any CPU.ActiveCfg = Debug|Any CPU
		{F93F1BE0-DA72-48F3-B30F-FE5CEE6C1CB1}.Debug|Any CPU.Build.0 = Debug|Any CPU
		{F93F1BE0-DA72-48F3-B30F-FE5CEE6C1CB1}.Release|Any CPU.ActiveCfg = Release|Any CPU
		{F93F1BE0-DA72-48F3-B30F-FE5CEE6C1CB1}.Release|Any CPU.Build.0 = Release|Any CPU
		{9ACA816D-D8C2-443B-874E-A9F7AAE6822C}.Debug|Any CPU.ActiveCfg = Debug|Any CPU
		{9ACA816D-D8C2-443B-874E-A9F7AAE6822C}.Debug|Any CPU.Build.0 = Debug|Any CPU
		{9ACA816D-D8C2-443B-874E-A9F7AAE6822C}.Release|Any CPU.ActiveCfg = Release|Any CPU
		{9ACA816D-D8C2-443B-874E-A9F7AAE6822C}.Release|Any CPU.Build.0 = Release|Any CPU
		{9CD5B981-5709-453C-86A5-8194543E25F8}.Debug|Any CPU.ActiveCfg = Debug|Any CPU
		{9CD5B981-5709-453C-86A5-8194543E25F8}.Debug|Any CPU.Build.0 = Debug|Any CPU
		{9CD5B981-5709-453C-86A5-8194543E25F8}.Release|Any CPU.ActiveCfg = Release|Any CPU
		{9CD5B981-5709-453C-86A5-8194543E25F8}.Release|Any CPU.Build.0 = Release|Any CPU
		{757B7A3B-3611-44A1-8C42-6E3E11DB516A}.Debug|Any CPU.ActiveCfg = Debug|Any CPU
		{757B7A3B-3611-44A1-8C42-6E3E11DB516A}.Debug|Any CPU.Build.0 = Debug|Any CPU
		{757B7A3B-3611-44A1-8C42-6E3E11DB516A}.Release|Any CPU.ActiveCfg = Release|Any CPU
		{757B7A3B-3611-44A1-8C42-6E3E11DB516A}.Release|Any CPU.Build.0 = Release|Any CPU
	EndGlobalSection
	GlobalSection(NestedProjects) = preSolution
		{99706F9F-2768-4F4A-9465-E7D1F7D13A63} = {54FA22E9-A94E-4DB5-9C1C-9815841A4087}
		{A67D98CD-75F3-4398-831B-2C74DF42F238} = {54FA22E9-A94E-4DB5-9C1C-9815841A4087}
		{2740B2B5-C5C3-4051-AA32-0DB92F045D4C} = {54FA22E9-A94E-4DB5-9C1C-9815841A4087}
		{4BF541D9-CBE2-478B-B2AF-EDF40950BDAC} = {54FA22E9-A94E-4DB5-9C1C-9815841A4087}
		{EE7ACFA1-7C01-4077-BC7D-6A23C51BBCF1} = {54FA22E9-A94E-4DB5-9C1C-9815841A4087}
		{8059C8A6-6263-4A0E-B611-011C8E3FAA45} = {54FA22E9-A94E-4DB5-9C1C-9815841A4087}
		{6A0BB6A3-6887-4F80-8EC1-55D6F238728C} = {54FA22E9-A94E-4DB5-9C1C-9815841A4087}
		{FF9158CD-06F7-4AB4-B6D6-B92CD57D9C73} = {54FA22E9-A94E-4DB5-9C1C-9815841A4087}
		{F93F1BE0-DA72-48F3-B30F-FE5CEE6C1CB1} = {54FA22E9-A94E-4DB5-9C1C-9815841A4087}
		{9ACA816D-D8C2-443B-874E-A9F7AAE6822C} = {B808A0C9-F8FB-4B3D-B3E1-A0FFF7FD0E8F}
		{9CD5B981-5709-453C-86A5-8194543E25F8} = {B808A0C9-F8FB-4B3D-B3E1-A0FFF7FD0E8F}
		{757B7A3B-3611-44A1-8C42-6E3E11DB516A} = {B808A0C9-F8FB-4B3D-B3E1-A0FFF7FD0E8F}
	EndGlobalSection
EndGlobal
